
Microsoft Visual Studio Solution File, Format Version 11.00
# Visual Studio 2010
Project("{FAE04EC0-301F-11D3-BF4B-00C04F79EFBC}") = "calc", "WindowsFormsApplication1\calc.csproj", "{3255602B-7232-47F1-ADC6-5281D2F8914F}"
EndProject
Global
	GlobalSection(SolutionConfigurationPlatforms) = preSolution
		Debug|x86 = Debug|x86
		Release|x86 = Release|x86
	EndGlobalSection
	GlobalSection(ProjectConfigurationPlatforms) = postSolution
		{3255602B-7232-47F1-ADC6-5281D2F8914F}.Debug|x86.ActiveCfg = Debug|x86
		{3255602B-7232-47F1-ADC6-5281D2F8914F}.Debug|x86.Build.0 = Debug|x86
		{3255602B-7232-47F1-ADC6-5281D2F8914F}.Release|x86.ActiveCfg = Release|x86
		{3255602B-7232-47F1-ADC6-5281D2F8914F}.Release|x86.Build.0 = Release|x86
	EndGlobalSection
	GlobalSection(SolutionProperties) = preSolution
		HideSolutionNode = FALSE
	EndGlobalSection
EndGlobal
